
Microsoft Visual Studio Solution File, Format Version 12.00
# Visual Studio Version 17
VisualStudioVersion = 17.9.34902.65
MinimumVisualStudioVersion = 10.0.40219.1
Project("{FAE04EC0-301F-11D3-BF4B-00C04F79EFBC}") = "AssetManagementSystem.Web", "AssetManagementSystem.Web\AssetManagementSystem.Web.csproj", "{63074F14-CA7A-41A6-8FA3-AE63AA72D88E}"
EndProject
Project("{FAE04EC0-301F-11D3-BF4B-00C04F79EFBC}") = "AssetManagementSystem.Db", "AssetManagementSystem.Db\AssetManagementSystem.Db.csproj", "{B162C65F-FBE6-451B-BF26-FF3120BCCF5A}"
EndProject
Project("{2150E333-8FDC-42A3-9474-1A3956D46DE8}") = "Solution Items", "Solution Items", "{8EC462FD-D22E-90A8-E5CE-7E832BA40C5D}"
	ProjectSection(SolutionItems) = preProject
		.dockerignore = .dockerignore
		docker-compose.yml = docker-compose.yml
	EndProjectSection
EndProject
Project("{2150E333-8FDC-42A3-9474-1A3956D46DE8}") = "Documents", "Documents", "{02EA681E-C7D8-13C7-8484-4AC65E1B71E8}"
	ProjectSection(SolutionItems) = preProject
		..\..\Users\ACER\Desktop\Programing\Password.txt = ..\..\Users\ACER\Desktop\Programing\Password.txt
		Script.txt = Script.txt
	EndProjectSection
EndProject
Project("{FAE04EC0-301F-11D3-BF4B-00C04F79EFBC}") = "AssetManagementSystem.Core", "AssetManagementSystem.Core\AssetManagementSystem.Core.csproj", "{814A59FF-0D4D-44F5-B803-84D9F83568A0}"
EndProject
Global
	GlobalSection(SolutionConfigurationPlatforms) = preSolution
		Debug|Any CPU = Debug|Any CPU
		Release|Any CPU = Release|Any CPU
	EndGlobalSection
	GlobalSection(ProjectConfigurationPlatforms) = postSolution
		{63074F14-CA7A-41A6-8FA3-AE63AA72D88E}.Debug|Any CPU.ActiveCfg = Debug|Any CPU
		{63074F14-CA7A-41A6-8FA3-AE63AA72D88E}.Debug|Any CPU.Build.0 = Debug|Any CPU
		{63074F14-CA7A-41A6-8FA3-AE63AA72D88E}.Release|Any CPU.ActiveCfg = Release|Any CPU
		{63074F14-CA7A-41A6-8FA3-AE63AA72D88E}.Release|Any CPU.Build.0 = Release|Any CPU
		{B162C65F-FBE6-451B-BF26-FF3120BCCF5A}.Debug|Any CPU.ActiveCfg = Debug|Any CPU
		{B162C65F-FBE6-451B-BF26-FF3120BCCF5A}.Debug|Any CPU.Build.0 = Debug|Any CPU
		{B162C65F-FBE6-451B-BF26-FF3120BCCF5A}.Release|Any CPU.ActiveCfg = Release|Any CPU
		{B162C65F-FBE6-451B-BF26-FF3120BCCF5A}.Release|Any CPU.Build.0 = Release|Any CPU
		{814A59FF-0D4D-44F5-B803-84D9F83568A0}.Debug|Any CPU.ActiveCfg = Debug|Any CPU
		{814A59FF-0D4D-44F5-B803-84D9F83568A0}.Debug|Any CPU.Build.0 = Debug|Any CPU
		{814A59FF-0D4D-44F5-B803-84D9F83568A0}.Release|Any CPU.ActiveCfg = Release|Any CPU
		{814A59FF-0D4D-44F5-B803-84D9F83568A0}.Release|Any CPU.Build.0 = Release|Any CPU
	EndGlobalSection
	GlobalSection(SolutionProperties) = preSolution
		HideSolutionNode = FALSE
	EndGlobalSection
	GlobalSection(NestedProjects) = preSolution
		{02EA681E-C7D8-13C7-8484-4AC65E1B71E8} = {8EC462FD-D22E-90A8-E5CE-7E832BA40C5D}
	EndGlobalSection
	GlobalSection(ExtensibilityGlobals) = postSolution
		SolutionGuid = {A91F2CCA-E472-40B4-A7A6-374374EE888D}
	EndGlobalSection
EndGlobal
